
Microsoft Visual Studio Solution File, Format Version 12.00
# Visual Studio Version 16
VisualStudioVersion = 16.0.31624.102
MinimumVisualStudioVersion = 10.0.40219.1
Project("{FAE04EC0-301F-11D3-BF4B-00C04F79EFBC}") = "Голотип N", "Голотип N\Голотип N.csproj", "{4E183188-F9EE-447B-9C8C-66D0DA3C3148}"
EndProject
Global
	GlobalSection(SolutionConfigurationPlatforms) = preSolution
		Debug|Any CPU = Debug|Any CPU
		Release|Any CPU = Release|Any CPU
	EndGlobalSection
	GlobalSection(ProjectConfigurationPlatforms) = postSolution
		{4E183188-F9EE-447B-9C8C-66D0DA3C3148}.Debug|Any CPU.ActiveCfg = Debug|Any CPU
		{4E183188-F9EE-447B-9C8C-66D0DA3C3148}.Debug|Any CPU.Build.0 = Debug|Any CPU
		{4E183188-F9EE-447B-9C8C-66D0DA3C3148}.Release|Any CPU.ActiveCfg = Release|Any CPU
		{4E183188-F9EE-447B-9C8C-66D0DA3C3148}.Release|Any CPU.Build.0 = Release|Any CPU
	EndGlobalSection
	GlobalSection(SolutionProperties) = preSolution
		HideSolutionNode = FALSE
	EndGlobalSection
	GlobalSection(ExtensibilityGlobals) = postSolution
		SolutionGuid = {2AD1EA84-A4C9-4582-9D34-DFDF034A7D65}
	EndGlobalSection
EndGlobal
